
Microsoft Visual Studio Solution File, Format Version 12.00
# Visual Studio 15
VisualStudioVersion = 15.0.27130.2010
MinimumVisualStudioVersion = 10.0.40219.1
Project("{FAE04EC0-301F-11D3-BF4B-00C04F79EFBC}") = "BowlingChallenge", "BowlingChallenge\BowlingChallenge.csproj", "{2F44C1DD-E627-4E7E-9F1A-25FFB731E5B8}"
EndProject
Global
	GlobalSection(SolutionConfigurationPlatforms) = preSolution
		Debug|Any CPU = Debug|Any CPU
		Release|Any CPU = Release|Any CPU
	EndGlobalSection
	GlobalSection(ProjectConfigurationPlatforms) = postSolution
		{2F44C1DD-E627-4E7E-9F1A-25FFB731E5B8}.Debug|Any CPU.ActiveCfg = Debug|Any CPU
		{2F44C1DD-E627-4E7E-9F1A-25FFB731E5B8}.Debug|Any CPU.Build.0 = Debug|Any CPU
		{2F44C1DD-E627-4E7E-9F1A-25FFB731E5B8}.Release|Any CPU.ActiveCfg = Release|Any CPU
		{2F44C1DD-E627-4E7E-9F1A-25FFB731E5B8}.Release|Any CPU.Build.0 = Release|Any CPU
	EndGlobalSection
	GlobalSection(SolutionProperties) = preSolution
		HideSolutionNode = FALSE
	EndGlobalSection
	GlobalSection(ExtensibilityGlobals) = postSolution
		SolutionGuid = {6B662606-F4D5-4DB5-ABC5-E322A119CDBB}
	EndGlobalSection
EndGlobal
